
Microsoft Visual Studio Solution File, Format Version 12.00
# Visual Studio 15
VisualStudioVersion = 15.0.28010.2036
MinimumVisualStudioVersion = 10.0.40219.1
Project("{FAE04EC0-301F-11D3-BF4B-00C04F79EFBC}") = "Skiller", "Skiller\Skiller.csproj", "{6236D22D-C181-42CD-9941-A5F4E78AB9A8}"
EndProject
Global
	GlobalSection(SolutionConfigurationPlatforms) = preSolution
		Debug|Any CPU = Debug|Any CPU
		Release|Any CPU = Release|Any CPU
	EndGlobalSection
	GlobalSection(ProjectConfigurationPlatforms) = postSolution
		{6236D22D-C181-42CD-9941-A5F4E78AB9A8}.Debug|Any CPU.ActiveCfg = Debug|Any CPU
		{6236D22D-C181-42CD-9941-A5F4E78AB9A8}.Debug|Any CPU.Build.0 = Debug|Any CPU
		{6236D22D-C181-42CD-9941-A5F4E78AB9A8}.Release|Any CPU.ActiveCfg = Release|Any CPU
		{6236D22D-C181-42CD-9941-A5F4E78AB9A8}.Release|Any CPU.Build.0 = Release|Any CPU
	EndGlobalSection
	GlobalSection(SolutionProperties) = preSolution
		HideSolutionNode = FALSE
	EndGlobalSection
	GlobalSection(ExtensibilityGlobals) = postSolution
		SolutionGuid = {A6A76AE5-D7A8-4003-B77B-73835D27185F}
	EndGlobalSection
EndGlobal
